
Microsoft Visual Studio Solution File, Format Version 12.00
# Visual Studio Version 16
VisualStudioVersion = 16.0.29728.190
MinimumVisualStudioVersion = 10.0.40219.1
Project("{9A19103F-16F7-4668-BE54-9A1E7A4F7556}") = "ServiceMail", "ServiceMail\ServiceMail.csproj", "{78043A11-7ABE-4DF4-B37B-39A8677DA9F5}"
EndProject
Project("{9A19103F-16F7-4668-BE54-9A1E7A4F7556}") = "AppMailing", "AppMailing\AppMailing.csproj", "{508CE65A-A810-4F0B-8994-25465B0888A8}"
EndProject
Project("{FAE04EC0-301F-11D3-BF4B-00C04F79EFBC}") = "TestMail", "TestMail\TestMail.csproj", "{0BC617A6-1B93-4C6C-B8E7-EA445CAEE454}"
EndProject
Global
	GlobalSection(SolutionConfigurationPlatforms) = preSolution
		Debug|Any CPU = Debug|Any CPU
		Release|Any CPU = Release|Any CPU
	EndGlobalSection
	GlobalSection(ProjectConfigurationPlatforms) = postSolution
		{78043A11-7ABE-4DF4-B37B-39A8677DA9F5}.Debug|Any CPU.ActiveCfg = Debug|Any CPU
		{78043A11-7ABE-4DF4-B37B-39A8677DA9F5}.Debug|Any CPU.Build.0 = Debug|Any CPU
		{78043A11-7ABE-4DF4-B37B-39A8677DA9F5}.Release|Any CPU.ActiveCfg = Release|Any CPU
		{78043A11-7ABE-4DF4-B37B-39A8677DA9F5}.Release|Any CPU.Build.0 = Release|Any CPU
		{508CE65A-A810-4F0B-8994-25465B0888A8}.Debug|Any CPU.ActiveCfg = Debug|Any CPU
		{508CE65A-A810-4F0B-8994-25465B0888A8}.Debug|Any CPU.Build.0 = Debug|Any CPU
		{508CE65A-A810-4F0B-8994-25465B0888A8}.Release|Any CPU.ActiveCfg = Release|Any CPU
		{508CE65A-A810-4F0B-8994-25465B0888A8}.Release|Any CPU.Build.0 = Release|Any CPU
		{0BC617A6-1B93-4C6C-B8E7-EA445CAEE454}.Debug|Any CPU.ActiveCfg = Debug|Any CPU
		{0BC617A6-1B93-4C6C-B8E7-EA445CAEE454}.Debug|Any CPU.Build.0 = Debug|Any CPU
		{0BC617A6-1B93-4C6C-B8E7-EA445CAEE454}.Release|Any CPU.ActiveCfg = Release|Any CPU
		{0BC617A6-1B93-4C6C-B8E7-EA445CAEE454}.Release|Any CPU.Build.0 = Release|Any CPU
	EndGlobalSection
	GlobalSection(SolutionProperties) = preSolution
		HideSolutionNode = FALSE
	EndGlobalSection
	GlobalSection(ExtensibilityGlobals) = postSolution
		SolutionGuid = {75DBBC7A-55AD-4E4F-BD6D-01B6D3636B83}
	EndGlobalSection
EndGlobal
