
Microsoft Visual Studio Solution File, Format Version 12.00
# Visual Studio Version 16
VisualStudioVersion = 16.0.31402.337
MinimumVisualStudioVersion = 10.0.40219.1
Project("{FAE04EC0-301F-11D3-BF4B-00C04F79EFBC}") = "WinForms_chaine", "WinForms_chaine\WinForms_chaine.csproj", "{48F702A3-DB13-4686-9252-E7F386031648}"
EndProject
Global
	GlobalSection(SolutionConfigurationPlatforms) = preSolution
		Debug|Any CPU = Debug|Any CPU
		Release|Any CPU = Release|Any CPU
	EndGlobalSection
	GlobalSection(ProjectConfigurationPlatforms) = postSolution
		{48F702A3-DB13-4686-9252-E7F386031648}.Debug|Any CPU.ActiveCfg = Debug|Any CPU
		{48F702A3-DB13-4686-9252-E7F386031648}.Debug|Any CPU.Build.0 = Debug|Any CPU
		{48F702A3-DB13-4686-9252-E7F386031648}.Release|Any CPU.ActiveCfg = Release|Any CPU
		{48F702A3-DB13-4686-9252-E7F386031648}.Release|Any CPU.Build.0 = Release|Any CPU
	EndGlobalSection
	GlobalSection(SolutionProperties) = preSolution
		HideSolutionNode = FALSE
	EndGlobalSection
	GlobalSection(ExtensibilityGlobals) = postSolution
		SolutionGuid = {10CA905A-27FD-470B-92FE-F45E4E47BE3F}
	EndGlobalSection
EndGlobal
