
Microsoft Visual Studio Solution File, Format Version 12.00
# Visual Studio Version 16
VisualStudioVersion = 16.0.31321.278
MinimumVisualStudioVersion = 10.0.40219.1
Project("{FAE04EC0-301F-11D3-BF4B-00C04F79EFBC}") = "Palindrome", "Palindrome\Palindrome.csproj", "{72A5B3B8-BEEA-4FE6-B1BB-ED1C8D0A10C5}"
EndProject
Global
	GlobalSection(SolutionConfigurationPlatforms) = preSolution
		Debug|Any CPU = Debug|Any CPU
		Release|Any CPU = Release|Any CPU
	EndGlobalSection
	GlobalSection(ProjectConfigurationPlatforms) = postSolution
		{72A5B3B8-BEEA-4FE6-B1BB-ED1C8D0A10C5}.Debug|Any CPU.ActiveCfg = Debug|Any CPU
		{72A5B3B8-BEEA-4FE6-B1BB-ED1C8D0A10C5}.Debug|Any CPU.Build.0 = Debug|Any CPU
		{72A5B3B8-BEEA-4FE6-B1BB-ED1C8D0A10C5}.Release|Any CPU.ActiveCfg = Release|Any CPU
		{72A5B3B8-BEEA-4FE6-B1BB-ED1C8D0A10C5}.Release|Any CPU.Build.0 = Release|Any CPU
	EndGlobalSection
	GlobalSection(SolutionProperties) = preSolution
		HideSolutionNode = FALSE
	EndGlobalSection
	GlobalSection(ExtensibilityGlobals) = postSolution
		SolutionGuid = {51B8E781-A38C-4D31-B7F3-9138D04ECECC}
	EndGlobalSection
EndGlobal
