
Microsoft Visual Studio Solution File, Format Version 12.00
# Visual Studio Version 16
VisualStudioVersion = 16.0.31410.357
MinimumVisualStudioVersion = 10.0.40219.1
Project("{FAE04EC0-301F-11D3-BF4B-00C04F79EFBC}") = "WinForms_modal", "WinForms_modal\WinForms_modal.csproj", "{0B744846-9BE7-4276-88AF-24926ED72F92}"
EndProject
Global
	GlobalSection(SolutionConfigurationPlatforms) = preSolution
		Debug|Any CPU = Debug|Any CPU
		Release|Any CPU = Release|Any CPU
	EndGlobalSection
	GlobalSection(ProjectConfigurationPlatforms) = postSolution
		{0B744846-9BE7-4276-88AF-24926ED72F92}.Debug|Any CPU.ActiveCfg = Debug|Any CPU
		{0B744846-9BE7-4276-88AF-24926ED72F92}.Debug|Any CPU.Build.0 = Debug|Any CPU
		{0B744846-9BE7-4276-88AF-24926ED72F92}.Release|Any CPU.ActiveCfg = Release|Any CPU
		{0B744846-9BE7-4276-88AF-24926ED72F92}.Release|Any CPU.Build.0 = Release|Any CPU
	EndGlobalSection
	GlobalSection(SolutionProperties) = preSolution
		HideSolutionNode = FALSE
	EndGlobalSection
	GlobalSection(ExtensibilityGlobals) = postSolution
		SolutionGuid = {36178D61-E20C-4728-BEFA-CF4A0F8D19EC}
	EndGlobalSection
EndGlobal
