
Microsoft Visual Studio Solution File, Format Version 12.00
# Visual Studio 15
VisualStudioVersion = 15.0.28307.852
MinimumVisualStudioVersion = 10.0.40219.1
Project("{FAE04EC0-301F-11D3-BF4B-00C04F79EFBC}") = "TestHashSet", "TestHashSet\TestHashSet.csproj", "{549AD4D4-FFA0-40EF-A727-A8CF699FCB5B}"
EndProject
Global
	GlobalSection(SolutionConfigurationPlatforms) = preSolution
		Debug|Any CPU = Debug|Any CPU
		Release|Any CPU = Release|Any CPU
	EndGlobalSection
	GlobalSection(ProjectConfigurationPlatforms) = postSolution
		{549AD4D4-FFA0-40EF-A727-A8CF699FCB5B}.Debug|Any CPU.ActiveCfg = Debug|Any CPU
		{549AD4D4-FFA0-40EF-A727-A8CF699FCB5B}.Debug|Any CPU.Build.0 = Debug|Any CPU
		{549AD4D4-FFA0-40EF-A727-A8CF699FCB5B}.Release|Any CPU.ActiveCfg = Release|Any CPU
		{549AD4D4-FFA0-40EF-A727-A8CF699FCB5B}.Release|Any CPU.Build.0 = Release|Any CPU
	EndGlobalSection
	GlobalSection(SolutionProperties) = preSolution
		HideSolutionNode = FALSE
	EndGlobalSection
	GlobalSection(ExtensibilityGlobals) = postSolution
		SolutionGuid = {C4653F64-112F-4A7D-8CE7-D679D68567E6}
	EndGlobalSection
EndGlobal
