
Microsoft Visual Studio Solution File, Format Version 12.00
# Visual Studio Version 16
VisualStudioVersion = 16.0.31729.503
MinimumVisualStudioVersion = 10.0.40219.1
Project("{FAE04EC0-301F-11D3-BF4B-00C04F79EFBC}") = "jeudontonestleheros.Web.UI", "WebApplication\jeudontonestleheros.Web.UI.csproj", "{53DAD7A3-94C2-4450-A2AD-E41EE83988CC}"
EndProject
Global
	GlobalSection(SolutionConfigurationPlatforms) = preSolution
		Debug|Any CPU = Debug|Any CPU
		Release|Any CPU = Release|Any CPU
	EndGlobalSection
	GlobalSection(ProjectConfigurationPlatforms) = postSolution
		{53DAD7A3-94C2-4450-A2AD-E41EE83988CC}.Debug|Any CPU.ActiveCfg = Debug|Any CPU
		{53DAD7A3-94C2-4450-A2AD-E41EE83988CC}.Debug|Any CPU.Build.0 = Debug|Any CPU
		{53DAD7A3-94C2-4450-A2AD-E41EE83988CC}.Release|Any CPU.ActiveCfg = Release|Any CPU
		{53DAD7A3-94C2-4450-A2AD-E41EE83988CC}.Release|Any CPU.Build.0 = Release|Any CPU
	EndGlobalSection
	GlobalSection(SolutionProperties) = preSolution
		HideSolutionNode = FALSE
	EndGlobalSection
	GlobalSection(ExtensibilityGlobals) = postSolution
		SolutionGuid = {CF21C49A-B424-4805-8846-D382B79ED8E7}
	EndGlobalSection
EndGlobal
